<?xml version="1.0" encoding="utf-8"?>
<Project ToolsVersion="14.0" xmlns="http://schemas.microsoft.com/developer/msbuild/2003">
  <ItemGroup>
    <ClCompile Include="api\tesseractmain.cpp" />
  </ItemGroup>
  <ItemGroup>
    <ClInclude Include="vs2010\tesseract\resource.h" />
  </ItemGroup>
  <ItemGroup>
    <ResourceCompile Include="vs2010\tesseract\tesseract.rc" />
  </ItemGroup>
  <ItemGroup>
    <Filter Include="Header Files">
      <UniqueIdentifier>{7E7E3671-6BA4-3281-A9BB-1C238D0901CE}</UniqueIdentifier>
    </Filter>
    <Filter Include="Resource files">
      <UniqueIdentifier>{E755EF2D-E2F8-32A0-A7F5-9449473AB815}</UniqueIdentifier>
    </Filter>
    <Filter Include="api">
      <UniqueIdentifier>{CF77B749-9B71-3EB8-BA33-2885908C8A23}</UniqueIdentifier>
    </Filter>
  </ItemGroup>
</Project>