<?xml version="1.0" encoding="utf-8"?>
<Project ToolsVersion="14.0" xmlns="http://schemas.microsoft.com/developer/msbuild/2003">
  <ItemGroup>
    <ClCompile Include="adaptmap.c">
      <Filter>Source Files</Filter>
    </ClCompile>
    <ClCompile Include="affine.c">
      <Filter>Source Files</Filter>
    </ClCompile>
    <ClCompile Include="affinecompose.c">
      <Filter>Source Files</Filter>
    </ClCompile>
    <ClCompile Include="arrayaccess.c">
      <Filter>Source Files</Filter>
    </ClCompile>
    <ClCompile Include="bardecode.c">
      <Filter>Source Files</Filter>
    </ClCompile>
    <ClCompile Include="baseline.c">
      <Filter>Source Files</Filter>
    </ClCompile>
    <ClCompile Include="bbuffer.c">
      <Filter>Source Files</Filter>
    </ClCompile>
    <ClCompile Include="bilateral.c">
      <Filter>Source Files</Filter>
    </ClCompile>
    <ClCompile Include="bilinear.c">
      <Filter>Source Files</Filter>
    </ClCompile>
    <ClCompile Include="binarize.c">
      <Filter>Source Files</Filter>
    </ClCompile>
    <ClCompile Include="binexpand.c">
      <Filter>Source Files</Filter>
    </ClCompile>
    <ClCompile Include="binreduce.c">
      <Filter>Source Files</Filter>
    </ClCompile>
    <ClCompile Include="blend.c">
      <Filter>Source Files</Filter>
    </ClCompile>
    <ClCompile Include="bmf.c">
      <Filter>Source Files</Filter>
    </ClCompile>
    <ClCompile Include="bmpio.c">
      <Filter>Source Files</Filter>
    </ClCompile>
    <ClCompile Include="bmpiostub.c">
      <Filter>Source Files</Filter>
    </ClCompile>
    <ClCompile Include="bootnumgen1.c">
      <Filter>Source Files</Filter>
    </ClCompile>
    <ClCompile Include="bootnumgen2.c">
      <Filter>Source Files</Filter>
    </ClCompile>
    <ClCompile Include="bootnumgen3.c">
      <Filter>Source Files</Filter>
    </ClCompile>
    <ClCompile Include="boxbasic.c">
      <Filter>Source Files</Filter>
    </ClCompile>
    <ClCompile Include="boxfunc1.c">
      <Filter>Source Files</Filter>
    </ClCompile>
    <ClCompile Include="boxfunc2.c">
      <Filter>Source Files</Filter>
    </ClCompile>
    <ClCompile Include="boxfunc3.c">
      <Filter>Source Files</Filter>
    </ClCompile>
    <ClCompile Include="boxfunc4.c">
      <Filter>Source Files</Filter>
    </ClCompile>
    <ClCompile Include="bytearray.c">
      <Filter>Source Files</Filter>
    </ClCompile>
    <ClCompile Include="ccbord.c">
      <Filter>Source Files</Filter>
    </ClCompile>
    <ClCompile Include="ccthin.c">
      <Filter>Source Files</Filter>
    </ClCompile>
    <ClCompile Include="classapp.c">
      <Filter>Source Files</Filter>
    </ClCompile>
    <ClCompile Include="colorcontent.c">
      <Filter>Source Files</Filter>
    </ClCompile>
    <ClCompile Include="coloring.c">
      <Filter>Source Files</Filter>
    </ClCompile>
    <ClCompile Include="colormap.c">
      <Filter>Source Files</Filter>
    </ClCompile>
    <ClCompile Include="colormorph.c">
      <Filter>Source Files</Filter>
    </ClCompile>
    <ClCompile Include="colorquant1.c">
      <Filter>Source Files</Filter>
    </ClCompile>
    <ClCompile Include="colorquant2.c">
      <Filter>Source Files</Filter>
    </ClCompile>
    <ClCompile Include="colorseg.c">
      <Filter>Source Files</Filter>
    </ClCompile>
    <ClCompile Include="colorspace.c">
      <Filter>Source Files</Filter>
    </ClCompile>
    <ClCompile Include="compare.c">
      <Filter>Source Files</Filter>
    </ClCompile>
    <ClCompile Include="conncomp.c">
      <Filter>Source Files</Filter>
    </ClCompile>
    <ClCompile Include="convertfiles.c">
      <Filter>Source Files</Filter>
    </ClCompile>
    <ClCompile Include="convolve.c">
      <Filter>Source Files</Filter>
    </ClCompile>
    <ClCompile Include="correlscore.c">
      <Filter>Source Files</Filter>
    </ClCompile>
    <ClCompile Include="dewarp1.c">
      <Filter>Source Files</Filter>
    </ClCompile>
    <ClCompile Include="dewarp2.c">
      <Filter>Source Files</Filter>
    </ClCompile>
    <ClCompile Include="dewarp3.c">
      <Filter>Source Files</Filter>
    </ClCompile>
    <ClCompile Include="dewarp4.c">
      <Filter>Source Files</Filter>
    </ClCompile>
    <ClCompile Include="dnabasic.c">
      <Filter>Source Files</Filter>
    </ClCompile>
    <ClCompile Include="dnafunc1.c">
      <Filter>Source Files</Filter>
    </ClCompile>
    <ClCompile Include="dnahash.c">
      <Filter>Source Files</Filter>
    </ClCompile>
    <ClCompile Include="dwacomb.2.c">
      <Filter>Source Files</Filter>
    </ClCompile>
    <ClCompile Include="dwacomblow.2.c">
      <Filter>Source Files</Filter>
    </ClCompile>
    <ClCompile Include="edge.c">
      <Filter>Source Files</Filter>
    </ClCompile>
    <ClCompile Include="encoding.c">
      <Filter>Source Files</Filter>
    </ClCompile>
    <ClCompile Include="enhance.c">
      <Filter>Source Files</Filter>
    </ClCompile>
    <ClCompile Include="fhmtauto.c">
      <Filter>Source Files</Filter>
    </ClCompile>
    <ClCompile Include="fhmtgen.1.c">
      <Filter>Source Files</Filter>
    </ClCompile>
    <ClCompile Include="fhmtgenlow.1.c">
      <Filter>Source Files</Filter>
    </ClCompile>
    <ClCompile Include="finditalic.c">
      <Filter>Source Files</Filter>
    </ClCompile>
    <ClCompile Include="flipdetect.c">
      <Filter>Source Files</Filter>
    </ClCompile>
    <ClCompile Include="fliphmtgen.c">
      <Filter>Source Files</Filter>
    </ClCompile>
    <ClCompile Include="fmorphauto.c">
      <Filter>Source Files</Filter>
    </ClCompile>
    <ClCompile Include="fmorphgen.1.c">
      <Filter>Source Files</Filter>
    </ClCompile>
    <ClCompile Include="fmorphgenlow.1.c">
      <Filter>Source Files</Filter>
    </ClCompile>
    <ClCompile Include="fpix1.c">
      <Filter>Source Files</Filter>
    </ClCompile>
    <ClCompile Include="fpix2.c">
      <Filter>Source Files</Filter>
    </ClCompile>
    <ClCompile Include="gifio.c">
      <Filter>Source Files</Filter>
    </ClCompile>
    <ClCompile Include="gifiostub.c">
      <Filter>Source Files</Filter>
    </ClCompile>
    <ClCompile Include="gplot.c">
      <Filter>Source Files</Filter>
    </ClCompile>
    <ClCompile Include="graphics.c">
      <Filter>Source Files</Filter>
    </ClCompile>
    <ClCompile Include="graymorph.c">
      <Filter>Source Files</Filter>
    </ClCompile>
    <ClCompile Include="grayquant.c">
      <Filter>Source Files</Filter>
    </ClCompile>
    <ClCompile Include="grayquantlow.c">
      <Filter>Source Files</Filter>
    </ClCompile>
    <ClCompile Include="heap.c">
      <Filter>Source Files</Filter>
    </ClCompile>
    <ClCompile Include="jbclass.c">
      <Filter>Source Files</Filter>
    </ClCompile>
    <ClCompile Include="jp2kheader.c">
      <Filter>Source Files</Filter>
    </ClCompile>
    <ClCompile Include="jp2kheaderstub.c">
      <Filter>Source Files</Filter>
    </ClCompile>
    <ClCompile Include="jp2kio.c">
      <Filter>Source Files</Filter>
    </ClCompile>
    <ClCompile Include="jp2kiostub.c">
      <Filter>Source Files</Filter>
    </ClCompile>
    <ClCompile Include="jpegio.c">
      <Filter>Source Files</Filter>
    </ClCompile>
    <ClCompile Include="jpegiostub.c">
      <Filter>Source Files</Filter>
    </ClCompile>
    <ClCompile Include="kernel.c">
      <Filter>Source Files</Filter>
    </ClCompile>
    <ClCompile Include="leptwin.c">
      <Filter>Source Files</Filter>
    </ClCompile>
    <ClCompile Include="libversions.c">
      <Filter>Source Files</Filter>
    </ClCompile>
    <ClCompile Include="list.c">
      <Filter>Source Files</Filter>
    </ClCompile>
    <ClCompile Include="map.c">
      <Filter>Source Files</Filter>
    </ClCompile>
    <ClCompile Include="maze.c">
      <Filter>Source Files</Filter>
    </ClCompile>
    <ClCompile Include="morph.c">
      <Filter>Source Files</Filter>
    </ClCompile>
    <ClCompile Include="morphapp.c">
      <Filter>Source Files</Filter>
    </ClCompile>
    <ClCompile Include="morphdwa.c">
      <Filter>Source Files</Filter>
    </ClCompile>
    <ClCompile Include="morphseq.c">
      <Filter>Source Files</Filter>
    </ClCompile>
    <ClCompile Include="numabasic.c">
      <Filter>Source Files</Filter>
    </ClCompile>
    <ClCompile Include="numafunc1.c">
      <Filter>Source Files</Filter>
    </ClCompile>
    <ClCompile Include="numafunc2.c">
      <Filter>Source Files</Filter>
    </ClCompile>
    <ClCompile Include="pageseg.c">
      <Filter>Source Files</Filter>
    </ClCompile>
    <ClCompile Include="paintcmap.c">
      <Filter>Source Files</Filter>
    </ClCompile>
    <ClCompile Include="parseprotos.c">
      <Filter>Source Files</Filter>
    </ClCompile>
    <ClCompile Include="partition.c">
      <Filter>Source Files</Filter>
    </ClCompile>
    <ClCompile Include="pdfio1.c">
      <Filter>Source Files</Filter>
    </ClCompile>
    <ClCompile Include="pdfio1stub.c">
      <Filter>Source Files</Filter>
    </ClCompile>
    <ClCompile Include="pdfio2.c">
      <Filter>Source Files</Filter>
    </ClCompile>
    <ClCompile Include="pdfio2stub.c">
      <Filter>Source Files</Filter>
    </ClCompile>
    <ClCompile Include="pix1.c">
      <Filter>Source Files</Filter>
    </ClCompile>
    <ClCompile Include="pix2.c">
      <Filter>Source Files</Filter>
    </ClCompile>
    <ClCompile Include="pix3.c">
      <Filter>Source Files</Filter>
    </ClCompile>
    <ClCompile Include="pix4.c">
      <Filter>Source Files</Filter>
    </ClCompile>
    <ClCompile Include="pix5.c">
      <Filter>Source Files</Filter>
    </ClCompile>
    <ClCompile Include="pixabasic.c">
      <Filter>Source Files</Filter>
    </ClCompile>
    <ClCompile Include="pixacc.c">
      <Filter>Source Files</Filter>
    </ClCompile>
    <ClCompile Include="pixafunc1.c">
      <Filter>Source Files</Filter>
    </ClCompile>
    <ClCompile Include="pixafunc2.c">
      <Filter>Source Files</Filter>
    </ClCompile>
    <ClCompile Include="pixalloc.c">
      <Filter>Source Files</Filter>
    </ClCompile>
    <ClCompile Include="pixarith.c">
      <Filter>Source Files</Filter>
    </ClCompile>
    <ClCompile Include="pixcomp.c">
      <Filter>Source Files</Filter>
    </ClCompile>
    <ClCompile Include="pixconv.c">
      <Filter>Source Files</Filter>
    </ClCompile>
    <ClCompile Include="pixlabel.c">
      <Filter>Source Files</Filter>
    </ClCompile>
    <ClCompile Include="pixtiling.c">
      <Filter>Source Files</Filter>
    </ClCompile>
    <ClCompile Include="pngio.c">
      <Filter>Source Files</Filter>
    </ClCompile>
    <ClCompile Include="pngiostub.c">
      <Filter>Source Files</Filter>
    </ClCompile>
    <ClCompile Include="pnmio.c">
      <Filter>Source Files</Filter>
    </ClCompile>
    <ClCompile Include="pnmiostub.c">
      <Filter>Source Files</Filter>
    </ClCompile>
    <ClCompile Include="projective.c">
      <Filter>Source Files</Filter>
    </ClCompile>
    <ClCompile Include="psio1.c">
      <Filter>Source Files</Filter>
    </ClCompile>
    <ClCompile Include="psio1stub.c">
      <Filter>Source Files</Filter>
    </ClCompile>
    <ClCompile Include="psio2.c">
      <Filter>Source Files</Filter>
    </ClCompile>
    <ClCompile Include="psio2stub.c">
      <Filter>Source Files</Filter>
    </ClCompile>
    <ClCompile Include="ptabasic.c">
      <Filter>Source Files</Filter>
    </ClCompile>
    <ClCompile Include="ptafunc1.c">
      <Filter>Source Files</Filter>
    </ClCompile>
    <ClCompile Include="ptafunc2.c">
      <Filter>Source Files</Filter>
    </ClCompile>
    <ClCompile Include="ptra.c">
      <Filter>Source Files</Filter>
    </ClCompile>
    <ClCompile Include="quadtree.c">
      <Filter>Source Files</Filter>
    </ClCompile>
    <ClCompile Include="queue.c">
      <Filter>Source Files</Filter>
    </ClCompile>
    <ClCompile Include="rank.c">
      <Filter>Source Files</Filter>
    </ClCompile>
    <ClCompile Include="rbtree.c">
      <Filter>Source Files</Filter>
    </ClCompile>
    <ClCompile Include="readbarcode.c">
      <Filter>Source Files</Filter>
    </ClCompile>
    <ClCompile Include="readfile.c">
      <Filter>Source Files</Filter>
    </ClCompile>
    <ClCompile Include="recogbasic.c">
      <Filter>Source Files</Filter>
    </ClCompile>
    <ClCompile Include="recogdid.c">
      <Filter>Source Files</Filter>
    </ClCompile>
    <ClCompile Include="recogident.c">
      <Filter>Source Files</Filter>
    </ClCompile>
    <ClCompile Include="recogtrain.c">
      <Filter>Source Files</Filter>
    </ClCompile>
    <ClCompile Include="regutils.c">
      <Filter>Source Files</Filter>
    </ClCompile>
    <ClCompile Include="rop.c">
      <Filter>Source Files</Filter>
    </ClCompile>
    <ClCompile Include="ropiplow.c">
      <Filter>Source Files</Filter>
    </ClCompile>
    <ClCompile Include="roplow.c">
      <Filter>Source Files</Filter>
    </ClCompile>
    <ClCompile Include="rotate.c">
      <Filter>Source Files</Filter>
    </ClCompile>
    <ClCompile Include="rotateam.c">
      <Filter>Source Files</Filter>
    </ClCompile>
    <ClCompile Include="rotateamlow.c">
      <Filter>Source Files</Filter>
    </ClCompile>
    <ClCompile Include="rotateorth.c">
      <Filter>Source Files</Filter>
    </ClCompile>
    <ClCompile Include="rotateshear.c">
      <Filter>Source Files</Filter>
    </ClCompile>
    <ClCompile Include="runlength.c">
      <Filter>Source Files</Filter>
    </ClCompile>
    <ClCompile Include="sarray1.c">
      <Filter>Source Files</Filter>
    </ClCompile>
    <ClCompile Include="sarray2.c">
      <Filter>Source Files</Filter>
    </ClCompile>
    <ClCompile Include="scale.c">
      <Filter>Source Files</Filter>
    </ClCompile>
    <ClCompile Include="scalelow.c">
      <Filter>Source Files</Filter>
    </ClCompile>
    <ClCompile Include="seedfill.c">
      <Filter>Source Files</Filter>
    </ClCompile>
    <ClCompile Include="seedfilllow.c">
      <Filter>Source Files</Filter>
    </ClCompile>
    <ClCompile Include="sel1.c">
      <Filter>Source Files</Filter>
    </ClCompile>
    <ClCompile Include="sel2.c">
      <Filter>Source Files</Filter>
    </ClCompile>
    <ClCompile Include="selgen.c">
      <Filter>Source Files</Filter>
    </ClCompile>
    <ClCompile Include="shear.c">
      <Filter>Source Files</Filter>
    </ClCompile>
    <ClCompile Include="skew.c">
      <Filter>Source Files</Filter>
    </ClCompile>
    <ClCompile Include="spixio.c">
      <Filter>Source Files</Filter>
    </ClCompile>
    <ClCompile Include="stack.c">
      <Filter>Source Files</Filter>
    </ClCompile>
    <ClCompile Include="stringcode.c">
      <Filter>Source Files</Filter>
    </ClCompile>
    <ClCompile Include="strokes.c">
      <Filter>Source Files</Filter>
    </ClCompile>
    <ClCompile Include="sudoku.c">
      <Filter>Source Files</Filter>
    </ClCompile>
    <ClCompile Include="textops.c">
      <Filter>Source Files</Filter>
    </ClCompile>
    <ClCompile Include="tiffio.c">
      <Filter>Source Files</Filter>
    </ClCompile>
    <ClCompile Include="tiffiostub.c">
      <Filter>Source Files</Filter>
    </ClCompile>
    <ClCompile Include="utils1.c">
      <Filter>Source Files</Filter>
    </ClCompile>
    <ClCompile Include="utils2.c">
      <Filter>Source Files</Filter>
    </ClCompile>
    <ClCompile Include="warper.c">
      <Filter>Source Files</Filter>
    </ClCompile>
    <ClCompile Include="watershed.c">
      <Filter>Source Files</Filter>
    </ClCompile>
    <ClCompile Include="webpio.c">
      <Filter>Source Files</Filter>
    </ClCompile>
    <ClCompile Include="webpiostub.c">
      <Filter>Source Files</Filter>
    </ClCompile>
    <ClCompile Include="writefile.c">
      <Filter>Source Files</Filter>
    </ClCompile>
    <ClCompile Include="zlibmem.c">
      <Filter>Source Files</Filter>
    </ClCompile>
    <ClCompile Include="zlibmemstub.c">
      <Filter>Source Files</Filter>
    </ClCompile>
  </ItemGroup>
  <ItemGroup>
    <Filter Include="Source Files">
      <UniqueIdentifier>{0F255072-6586-3B6A-8482-DA39868F3233}</UniqueIdentifier>
    </Filter>
    <Filter Include="Header Files">
      <UniqueIdentifier>{E5E5219D-1B38-397F-AE65-A90E212AC860}</UniqueIdentifier>
    </Filter>
  </ItemGroup>
</Project>