<?xml version="1.0" encoding="UTF-8"?>
<Project ToolsVersion="14.0" xmlns="http://schemas.microsoft.com/developer/msbuild/2003">
  <ItemGroup>
    <CustomBuild Include="E:\lib\leptonica\leptonica-1.74.4\build\CMakeFiles\fbe058c491cb33f2c9b78b6978760d7b\INSTALL_force.rule">
      <Filter>CMake Rules</Filter>
    </CustomBuild>
  </ItemGroup>
  <ItemGroup>
    <Filter Include="CMake Rules">
      <UniqueIdentifier>{CE756E0C-3A8B-384C-BBF6-55C08D2527C3}</UniqueIdentifier>
    </Filter>
  </ItemGroup>
</Project>
