Microsoft Visual Studio Solution File, Format Version 12.00
# Visual Studio 14
VisualStudioVersion = 14.0.25420.1
MinimumVisualStudioVersion = 10.0.40219.1
Project("{8BC9CEB8-8B4A-11D0-8D11-00A0C91BC942}") = "leptonica", "src\leptonica.vcxproj", "{F9530976-5171-373E-84E0-3D1D2B1A81B5}"
EndProject
Global
	GlobalSection(SolutionConfigurationPlatforms) = preSolution
		Debug|Win32 = Debug|Win32
		Release|Win32 = Release|Win32
	EndGlobalSection
	GlobalSection(ProjectConfigurationPlatforms) = postSolution
		{F9530976-5171-373E-84E0-3D1D2B1A81B5}.Debug|Win32.ActiveCfg = Debug|Win32
		{F9530976-5171-373E-84E0-3D1D2B1A81B5}.Debug|Win32.Build.0 = Debug|Win32
		{F9530976-5171-373E-84E0-3D1D2B1A81B5}.Release|Win32.ActiveCfg = Release|Win32
		{F9530976-5171-373E-84E0-3D1D2B1A81B5}.Release|Win32.Build.0 = Release|Win32
	EndGlobalSection
	GlobalSection(SolutionProperties) = preSolution
		HideSolutionNode = FALSE
	EndGlobalSection
	GlobalSection(ExtensibilityGlobals) = postSolution
		SolutionGuid = {1C5CCF45-8D5B-3910-8F61-B3E78DF26BF4}
	EndGlobalSection
EndGlobal
